{
  "name": "pyth",
  "version": "1.0.0",
  "lockfileVersion": 3,
  "requires": true,
  "packages": {
    "": {
      "name": "pyth",
      "version": "1.0.0",
      "license": "ISC",
      "dependencies": {
        "@pythnetwork/pyth-sdk-solidity": "^2.4.1"
      }
    },
    "node_modules/@pythnetwork/pyth-sdk-solidity": {
      "version": "2.4.1",
      "resolved": "https://registry.npmjs.org/@pythnetwork/pyth-sdk-solidity/-/pyth-sdk-solidity-2.4.1.tgz",
      "integrity": "sha512-QNrdtv+YiEszz0hvBOWXaJ3PeKJfcSnQnB9GuSZOK1WVuJxNtPTd1Hc2hrpxPm0B4SBKwSSo10I0jb4GXHi42g=="
    }
  }
}
